// !$*UTF8*$!
{
	archiveVersion = 1;
	classes = {
	};
	objectVersion = 46;
	objects = {

/* Begin PBXBuildFile section */
		0C0BC0D31DC04C6D00E5F52B /* LaunchScreen.storyboard in Resources */ = {isa = PBXBuildFile; fileRef = 0C0BC0D11DC04C6D00E5F52B /* LaunchScreen.storyboard */; };
		0C0BC1DF1DC08C9100E5F52B /* AlipaySDK.framework in Frameworks */ = {isa = PBXBuildFile; fileRef = 0C0BC1981DC08C9100E5F52B /* AlipaySDK.framework */; };
		0C0BC1E01DC08C9100E5F52B /* libHYAliPayAdapter.a in Frameworks */ = {isa = PBXBuildFile; fileRef = 0C0BC1991DC08C9100E5F52B /* libHYAliPayAdapter.a */; };
		0C0BC1E11DC08C9100E5F52B /* libHYApplePayAdapter.a in Frameworks */ = {isa = PBXBuildFile; fileRef = 0C0BC19B1DC08C9100E5F52B /* libHYApplePayAdapter.a */; };
		0C0BC1E21DC08C9100E5F52B /* libUPAPayPlugin.a in Frameworks */ = {isa = PBXBuildFile; fileRef = 0C0BC19C1DC08C9100E5F52B /* libUPAPayPlugin.a */; };
		0C0BC1E31DC08C9100E5F52B /* BaiduWallet_Portal.bundle in Resources */ = {isa = PBXBuildFile; fileRef = 0C0BC1A11DC08C9100E5F52B /* BaiduWallet_Portal.bundle */; };
		0C0BC1E41DC08C9100E5F52B /* BaiduWallet_Portal.framework in Frameworks */ = {isa = PBXBuildFile; fileRef = 0C0BC1A21DC08C9100E5F52B /* BaiduWallet_Portal.framework */; };
		0C0BC1E51DC08C9100E5F52B /* libASIHTTPRequest.a in Frameworks */ = {isa = PBXBuildFile; fileRef = 0C0BC1A61DC08C9100E5F52B /* libASIHTTPRequest.a */; };
		0C0BC1E61DC08C9100E5F52B /* libBaiduMobStatForSDK.a in Frameworks */ = {isa = PBXBuildFile; fileRef = 0C0BC1A91DC08C9100E5F52B /* libBaiduMobStatForSDK.a */; };
		0C0BC1E71DC08C9100E5F52B /* libTouchJSON.a in Frameworks */ = {isa = PBXBuildFile; fileRef = 0C0BC1AA1DC08C9100E5F52B /* libTouchJSON.a */; };
		0C0BC1E81DC08C9100E5F52B /* libJSONKit.a in Frameworks */ = {isa = PBXBuildFile; fileRef = 0C0BC1AD1DC08C9100E5F52B /* libJSONKit.a */; };
		0C0BC1E91DC08C9100E5F52B /* libSDWebImage.a in Frameworks */ = {isa = PBXBuildFile; fileRef = 0C0BC1AF1DC08C9100E5F52B /* libSDWebImage.a */; };
		0C0BC1EA1DC08C9100E5F52B /* libHYBaiDuAdapter.a in Frameworks */ = {isa = PBXBuildFile; fileRef = 0C0BC1BF1DC08C9100E5F52B /* libHYBaiDuAdapter.a */; };
		0C0BC1EB1DC08C9100E5F52B /* libHYQQPayAdapter.a in Frameworks */ = {isa = PBXBuildFile; fileRef = 0C0BC1C11DC08C9100E5F52B /* libHYQQPayAdapter.a */; };
		0C0BC1EC1DC08C9100E5F52B /* QQWalletDefines.m in Sources */ = {isa = PBXBuildFile; fileRef = 0C0BC1C41DC08C9100E5F52B /* QQWalletDefines.m */; };
		0C0BC1ED1DC08C9100E5F52B /* QQWalletSDK.m in Sources */ = {isa = PBXBuildFile; fileRef = 0C0BC1C61DC08C9100E5F52B /* QQWalletSDK.m */; };
		0C0BC1EE1DC08C9100E5F52B /* QWApplication.m in Sources */ = {isa = PBXBuildFile; fileRef = 0C0BC1C81DC08C9100E5F52B /* QWApplication.m */; };
		0C0BC1EF1DC08C9100E5F52B /* QWMessage.m in Sources */ = {isa = PBXBuildFile; fileRef = 0C0BC1CA1DC08C9100E5F52B /* QWMessage.m */; };
		0C0BC1F01DC08C9100E5F52B /* QWServerPayTask.m in Sources */ = {isa = PBXBuildFile; fileRef = 0C0BC1CC1DC08C9100E5F52B /* QWServerPayTask.m */; };
		0C0BC1F11DC08C9100E5F52B /* QWTask.m in Sources */ = {isa = PBXBuildFile; fileRef = 0C0BC1CE1DC08C9100E5F52B /* QWTask.m */; };
		0C0BC1F21DC08C9100E5F52B /* QWURLEncodeEngine.m in Sources */ = {isa = PBXBuildFile; fileRef = 0C0BC1D01DC08C9100E5F52B /* QWURLEncodeEngine.m */; };
		0C0BC1F31DC08C9100E5F52B /* libHYUnionPayAdapter.a in Frameworks */ = {isa = PBXBuildFile; fileRef = 0C0BC1D21DC08C9100E5F52B /* libHYUnionPayAdapter.a */; };
		0C0BC1F41DC08C9100E5F52B /* libPaymentControl.a in Frameworks */ = {isa = PBXBuildFile; fileRef = 0C0BC1D31DC08C9100E5F52B /* libPaymentControl.a */; };
		0C0BC1F51DC08C9100E5F52B /* libHYWXPayAdapter.a in Frameworks */ = {isa = PBXBuildFile; fileRef = 0C0BC1D61DC08C9100E5F52B /* libHYWXPayAdapter.a */; };
		0C0BC1F61DC08C9100E5F52B /* libWeChatSDK.a in Frameworks */ = {isa = PBXBuildFile; fileRef = 0C0BC1D71DC08C9100E5F52B /* libWeChatSDK.a */; };
		0C0BC1F71DC08C9100E5F52B /* libHeeMoney.a in Frameworks */ = {isa = PBXBuildFile; fileRef = 0C0BC1DE1DC08C9100E5F52B /* libHeeMoney.a */; };
		0C8AEBBD1DBDAEB800B7B4E6 /* MBProgressHUD.m in Sources */ = {isa = PBXBuildFile; fileRef = 0C8AEBBC1DBDAEB800B7B4E6 /* MBProgressHUD.m */; };
		0C8AEBC01DBDAF4200B7B4E6 /* HYUtils.m in Sources */ = {isa = PBXBuildFile; fileRef = 0C8AEBBF1DBDAF4200B7B4E6 /* HYUtils.m */; };
		0C8AEBC21DBE103B00B7B4E6 /* Assets.xcassets in Resources */ = {isa = PBXBuildFile; fileRef = 0C8AEBC11DBE103B00B7B4E6 /* Assets.xcassets */; };
		270012663269B9FCFAD19F6A /* libPods-HeeMoneySDKDemo.a in Frameworks */ = {isa = PBXBuildFile; fileRef = 7D5B3FAF47E8B283C92E2FA2 /* libPods-HeeMoneySDKDemo.a */; };
		650EA1AD93249FEBFB205321 /* libPods-HeeMoneySDKDemoTests.a in Frameworks */ = {isa = PBXBuildFile; fileRef = 6FD615A742501D5607455A93 /* libPods-HeeMoneySDKDemoTests.a */; };
		7321DB482AEF51F4D3616AD4 /* libPods-HeeMoneySDKDemoUITests.a in Frameworks */ = {isa = PBXBuildFile; fileRef = C1BD1590EF4E5B3D20AA0224 /* libPods-HeeMoneySDKDemoUITests.a */; };
		AB13E3B51D6559CF002503A3 /* HYPayChannelCell.m in Sources */ = {isa = PBXBuildFile; fileRef = AB13E3B41D6559CF002503A3 /* HYPayChannelCell.m */; };
		AB240DD91D631AC400920C78 /* main.m in Sources */ = {isa = PBXBuildFile; fileRef = AB240DD81D631AC400920C78 /* main.m */; };
		AB240DDC1D631AC400920C78 /* AppDelegate.m in Sources */ = {isa = PBXBuildFile; fileRef = AB240DDB1D631AC400920C78 /* AppDelegate.m */; };
		AB240DDF1D631AC400920C78 /* ViewController.m in Sources */ = {isa = PBXBuildFile; fileRef = AB240DDE1D631AC400920C78 /* ViewController.m */; };
		AB240DF21D631AC400920C78 /* HeeMoneySDKDemoTests.m in Sources */ = {isa = PBXBuildFile; fileRef = AB240DF11D631AC400920C78 /* HeeMoneySDKDemoTests.m */; };
		AB240DFD1D631AC400920C78 /* HeeMoneySDKDemoUITests.m in Sources */ = {isa = PBXBuildFile; fileRef = AB240DFC1D631AC400920C78 /* HeeMoneySDKDemoUITests.m */; };
		ABE730BE1D6D40970009A075 /* CFNetwork.framework in Frameworks */ = {isa = PBXBuildFile; fileRef = ABE730BD1D6D40970009A075 /* CFNetwork.framework */; };
		ABE730C01D6D40A10009A075 /* SystemConfiguration.framework in Frameworks */ = {isa = PBXBuildFile; fileRef = ABE730BF1D6D40A10009A075 /* SystemConfiguration.framework */; };
		ABE730C21D6D40A90009A075 /* Security.framework in Frameworks */ = {isa = PBXBuildFile; fileRef = ABE730C11D6D40A90009A075 /* Security.framework */; };
		ABE730C41D6D40B10009A075 /* QuartzCore.framework in Frameworks */ = {isa = PBXBuildFile; fileRef = ABE730C31D6D40B10009A075 /* QuartzCore.framework */; };
		ABE730C61D6D40BB0009A075 /* CoreTelephony.framework in Frameworks */ = {isa = PBXBuildFile; fileRef = ABE730C51D6D40BB0009A075 /* CoreTelephony.framework */; };
		ABE730C81D6D40C50009A075 /* CoreMotion.framework in Frameworks */ = {isa = PBXBuildFile; fileRef = ABE730C71D6D40C50009A075 /* CoreMotion.framework */; };
		ABE730CA1D6D40D30009A075 /* libc++.tbd in Frameworks */ = {isa = PBXBuildFile; fileRef = ABE730C91D6D40D30009A075 /* libc++.tbd */; };
		ABE730CC1D6D40E10009A075 /* libsqlite3.0.tbd in Frameworks */ = {isa = PBXBuildFile; fileRef = ABE730CB1D6D40E10009A075 /* libsqlite3.0.tbd */; };
		ABE730CE1D6D40EB0009A075 /* libstdc++.tbd in Frameworks */ = {isa = PBXBuildFile; fileRef = ABE730CD1D6D40EB0009A075 /* libstdc++.tbd */; };
		ABE730D01D6D40F70009A075 /* AddressBook.framework in Frameworks */ = {isa = PBXBuildFile; fileRef = ABE730CF1D6D40F70009A075 /* AddressBook.framework */; };
		ABE730D21D6D40FC0009A075 /* AddressBookUI.framework in Frameworks */ = {isa = PBXBuildFile; fileRef = ABE730D11D6D40FC0009A075 /* AddressBookUI.framework */; };
		ABE730D41D6D41070009A075 /* AudioToolbox.framework in Frameworks */ = {isa = PBXBuildFile; fileRef = ABE730D31D6D41070009A075 /* AudioToolbox.framework */; };
		ABE730D61D6D41140009A075 /* CoreAudio.framework in Frameworks */ = {isa = PBXBuildFile; fileRef = ABE730D51D6D41140009A075 /* CoreAudio.framework */; };
		ABE730D81D6D411D0009A075 /* CoreGraphics.framework in Frameworks */ = {isa = PBXBuildFile; fileRef = ABE730D71D6D411D0009A075 /* CoreGraphics.framework */; };
		ABE730DA1D6D41270009A075 /* ImageIO.framework in Frameworks */ = {isa = PBXBuildFile; fileRef = ABE730D91D6D41270009A075 /* ImageIO.framework */; };
		ABE730DC1D6D41320009A075 /* MapKit.framework in Frameworks */ = {isa = PBXBuildFile; fileRef = ABE730DB1D6D41320009A075 /* MapKit.framework */; };
		ABE730DE1D6D413E0009A075 /* MessageUI.framework in Frameworks */ = {isa = PBXBuildFile; fileRef = ABE730DD1D6D413E0009A075 /* MessageUI.framework */; };
		ABE730E01D6D414B0009A075 /* MobileCoreServices.framework in Frameworks */ = {isa = PBXBuildFile; fileRef = ABE730DF1D6D414B0009A075 /* MobileCoreServices.framework */; };
		ABE730E41D6D424D0009A075 /* AVFoundation.framework in Frameworks */ = {isa = PBXBuildFile; fileRef = ABE730E31D6D424D0009A075 /* AVFoundation.framework */; };
		ABE730E61D6D42530009A075 /* CoreLocation.framework in Frameworks */ = {isa = PBXBuildFile; fileRef = ABE730E51D6D42530009A075 /* CoreLocation.framework */; };
		ABE730E81D6D42730009A075 /* AssetsLibrary.framework in Frameworks */ = {isa = PBXBuildFile; fileRef = ABE730E71D6D42730009A075 /* AssetsLibrary.framework */; };
		ABE730EA1D6D42830009A075 /* LocalAuthentication.framework in Frameworks */ = {isa = PBXBuildFile; fileRef = ABE730E91D6D42830009A075 /* LocalAuthentication.framework */; };
		ABE730EC1D6D42950009A075 /* CoreMedia.framework in Frameworks */ = {isa = PBXBuildFile; fileRef = ABE730EB1D6D42950009A075 /* CoreMedia.framework */; };
		ABE730EE1D6D42C90009A075 /* libz.1.2.5.tbd in Frameworks */ = {isa = PBXBuildFile; fileRef = ABE730ED1D6D42C90009A075 /* libz.1.2.5.tbd */; };
/* End PBXBuildFile section */

/* Begin PBXContainerItemProxy section */
		AB240DEE1D631AC400920C78 /* PBXContainerItemProxy */ = {
			isa = PBXContainerItemProxy;
			containerPortal = AB240DCC1D631AC400920C78 /* Project object */;
			proxyType = 1;
			remoteGlobalIDString = AB240DD31D631AC400920C78;
			remoteInfo = HeeMoneySDKDemo;
		};
		AB240DF91D631AC400920C78 /* PBXContainerItemProxy */ = {
			isa = PBXContainerItemProxy;
			containerPortal = AB240DCC1D631AC400920C78 /* Project object */;
			proxyType = 1;
			remoteGlobalIDString = AB240DD31D631AC400920C78;
			remoteInfo = HeeMoneySDKDemo;
		};
/* End PBXContainerItemProxy section */

/* Begin PBXFileReference section */
		05D2A8DF71D39C90981A4003 /* Pods-HeeMoneySDKDemo.debug.xcconfig */ = {isa = PBXFileReference; includeInIndex = 1; lastKnownFileType = text.xcconfig; name = "Pods-HeeMoneySDKDemo.debug.xcconfig"; path = "Pods/Target Support Files/Pods-HeeMoneySDKDemo/Pods-HeeMoneySDKDemo.debug.xcconfig"; sourceTree = "<group>"; };
		0C0BC0D21DC04C6D00E5F52B /* Base */ = {isa = PBXFileReference; lastKnownFileType = file.storyboard; name = Base; path = Base.lproj/LaunchScreen.storyboard; sourceTree = "<group>"; };
		0C0BC1981DC08C9100E5F52B /* AlipaySDK.framework */ = {isa = PBXFileReference; lastKnownFileType = wrapper.framework; path = AlipaySDK.framework; sourceTree = "<group>"; };
		0C0BC1991DC08C9100E5F52B /* libHYAliPayAdapter.a */ = {isa = PBXFileReference; lastKnownFileType = archive.ar; path = libHYAliPayAdapter.a; sourceTree = "<group>"; };
		0C0BC19B1DC08C9100E5F52B /* libHYApplePayAdapter.a */ = {isa = PBXFileReference; lastKnownFileType = archive.ar; path = libHYApplePayAdapter.a; sourceTree = "<group>"; };
		0C0BC19C1DC08C9100E5F52B /* libUPAPayPlugin.a */ = {isa = PBXFileReference; lastKnownFileType = archive.ar; path = libUPAPayPlugin.a; sourceTree = "<group>"; };
		0C0BC19D1DC08C9100E5F52B /* UPAPayPlugin.h */ = {isa = PBXFileReference; fileEncoding = 4; lastKnownFileType = sourcecode.c.h; path = UPAPayPlugin.h; sourceTree = "<group>"; };
		0C0BC19E1DC08C9100E5F52B /* UPAPayPluginDelegate.h */ = {isa = PBXFileReference; fileEncoding = 4; lastKnownFileType = sourcecode.c.h; path = UPAPayPluginDelegate.h; sourceTree = "<group>"; };
		0C0BC1A11DC08C9100E5F52B /* BaiduWallet_Portal.bundle */ = {isa = PBXFileReference; lastKnownFileType = "wrapper.plug-in"; path = BaiduWallet_Portal.bundle; sourceTree = "<group>"; };
		0C0BC1A21DC08C9100E5F52B /* BaiduWallet_Portal.framework */ = {isa = PBXFileReference; lastKnownFileType = wrapper.framework; path = BaiduWallet_Portal.framework; sourceTree = "<group>"; };
		0C0BC1A51DC08C9100E5F52B /* ASIHTTPRequest.h */ = {isa = PBXFileReference; fileEncoding = 4; lastKnownFileType = sourcecode.c.h; path = ASIHTTPRequest.h; sourceTree = "<group>"; };
		0C0BC1A61DC08C9100E5F52B /* libASIHTTPRequest.a */ = {isa = PBXFileReference; lastKnownFileType = archive.ar; path = libASIHTTPRequest.a; sourceTree = "<group>"; };
		0C0BC1A91DC08C9100E5F52B /* libBaiduMobStatForSDK.a */ = {isa = PBXFileReference; lastKnownFileType = archive.ar; path = libBaiduMobStatForSDK.a; sourceTree = "<group>"; };
		0C0BC1AA1DC08C9100E5F52B /* libTouchJSON.a */ = {isa = PBXFileReference; lastKnownFileType = archive.ar; path = libTouchJSON.a; sourceTree = "<group>"; };
		0C0BC1AC1DC08C9100E5F52B /* JSONKit.h */ = {isa = PBXFileReference; fileEncoding = 4; lastKnownFileType = sourcecode.c.h; path = JSONKit.h; sourceTree = "<group>"; };
		0C0BC1AD1DC08C9100E5F52B /* libJSONKit.a */ = {isa = PBXFileReference; lastKnownFileType = archive.ar; path = libJSONKit.a; sourceTree = "<group>"; };
		0C0BC1AF1DC08C9100E5F52B /* libSDWebImage.a */ = {isa = PBXFileReference; lastKnownFileType = archive.ar; path = libSDWebImage.a; sourceTree = "<group>"; };
		0C0BC1B01DC08C9100E5F52B /* MKAnnotationView+WebCache.h */ = {isa = PBXFileReference; fileEncoding = 4; lastKnownFileType = sourcecode.c.h; path = "MKAnnotationView+WebCache.h"; sourceTree = "<group>"; };
		0C0BC1B11DC08C9100E5F52B /* NSData+ImageContentType.h */ = {isa = PBXFileReference; fileEncoding = 4; lastKnownFileType = sourcecode.c.h; path = "NSData+ImageContentType.h"; sourceTree = "<group>"; };
		0C0BC1B21DC08C9100E5F52B /* SDImageCache.h */ = {isa = PBXFileReference; fileEncoding = 4; lastKnownFileType = sourcecode.c.h; path = SDImageCache.h; sourceTree = "<group>"; };
		0C0BC1B31DC08C9100E5F52B /* SDWebImageCompat.h */ = {isa = PBXFileReference; fileEncoding = 4; lastKnownFileType = sourcecode.c.h; path = SDWebImageCompat.h; sourceTree = "<group>"; };
		0C0BC1B41DC08C9100E5F52B /* SDWebImageDecoder.h */ = {isa = PBXFileReference; fileEncoding = 4; lastKnownFileType = sourcecode.c.h; path = SDWebImageDecoder.h; sourceTree = "<group>"; };
		0C0BC1B51DC08C9100E5F52B /* SDWebImageDownloader.h */ = {isa = PBXFileReference; fileEncoding = 4; lastKnownFileType = sourcecode.c.h; path = SDWebImageDownloader.h; sourceTree = "<group>"; };
		0C0BC1B61DC08C9100E5F52B /* SDWebImageDownloaderOperation.h */ = {isa = PBXFileReference; fileEncoding = 4; lastKnownFileType = sourcecode.c.h; path = SDWebImageDownloaderOperation.h; sourceTree = "<group>"; };
		0C0BC1B71DC08C9100E5F52B /* SDWebImageManager.h */ = {isa = PBXFileReference; fileEncoding = 4; lastKnownFileType = sourcecode.c.h; path = SDWebImageManager.h; sourceTree = "<group>"; };
		0C0BC1B81DC08C9100E5F52B /* SDWebImageOperation.h */ = {isa = PBXFileReference; fileEncoding = 4; lastKnownFileType = sourcecode.c.h; path = SDWebImageOperation.h; sourceTree = "<group>"; };
		0C0BC1B91DC08C9100E5F52B /* SDWebImagePrefetcher.h */ = {isa = PBXFileReference; fileEncoding = 4; lastKnownFileType = sourcecode.c.h; path = SDWebImagePrefetcher.h; sourceTree = "<group>"; };
		0C0BC1BA1DC08C9100E5F52B /* UIButton+WebCache.h */ = {isa = PBXFileReference; fileEncoding = 4; lastKnownFileType = sourcecode.c.h; path = "UIButton+WebCache.h"; sourceTree = "<group>"; };
		0C0BC1BB1DC08C9100E5F52B /* UIImage+GIF.h */ = {isa = PBXFileReference; fileEncoding = 4; lastKnownFileType = sourcecode.c.h; path = "UIImage+GIF.h"; sourceTree = "<group>"; };
		0C0BC1BC1DC08C9100E5F52B /* UIImage+MultiFormat.h */ = {isa = PBXFileReference; fileEncoding = 4; lastKnownFileType = sourcecode.c.h; path = "UIImage+MultiFormat.h"; sourceTree = "<group>"; };
		0C0BC1BD1DC08C9100E5F52B /* UIImage+WebP.h */ = {isa = PBXFileReference; fileEncoding = 4; lastKnownFileType = sourcecode.c.h; path = "UIImage+WebP.h"; sourceTree = "<group>"; };
		0C0BC1BE1DC08C9100E5F52B /* UIImageView+WebCache.h */ = {isa = PBXFileReference; fileEncoding = 4; lastKnownFileType = sourcecode.c.h; path = "UIImageView+WebCache.h"; sourceTree = "<group>"; };
		0C0BC1BF1DC08C9100E5F52B /* libHYBaiDuAdapter.a */ = {isa = PBXFileReference; lastKnownFileType = archive.ar; path = libHYBaiDuAdapter.a; sourceTree = "<group>"; };
		0C0BC1C11DC08C9100E5F52B /* libHYQQPayAdapter.a */ = {isa = PBXFileReference; lastKnownFileType = archive.ar; path = libHYQQPayAdapter.a; sourceTree = "<group>"; };
		0C0BC1C31DC08C9100E5F52B /* QQWalletDefines.h */ = {isa = PBXFileReference; fileEncoding = 4; lastKnownFileType = sourcecode.c.h; path = QQWalletDefines.h; sourceTree = "<group>"; };
		0C0BC1C41DC08C9100E5F52B /* QQWalletDefines.m */ = {isa = PBXFileReference; fileEncoding = 4; lastKnownFileType = sourcecode.c.objc; path = QQWalletDefines.m; sourceTree = "<group>"; };
		0C0BC1C51DC08C9100E5F52B /* QQWalletSDK.h */ = {isa = PBXFileReference; fileEncoding = 4; lastKnownFileType = sourcecode.c.h; path = QQWalletSDK.h; sourceTree = "<group>"; };
		0C0BC1C61DC08C9100E5F52B /* QQWalletSDK.m */ = {isa = PBXFileReference; fileEncoding = 4; lastKnownFileType = sourcecode.c.objc; path = QQWalletSDK.m; sourceTree = "<group>"; };
		0C0BC1C71DC08C9100E5F52B /* QWApplication.h */ = {isa = PBXFileReference; fileEncoding = 4; lastKnownFileType = sourcecode.c.h; path = QWApplication.h; sourceTree = "<group>"; };
		0C0BC1C81DC08C9100E5F52B /* QWApplication.m */ = {isa = PBXFileReference; fileEncoding = 4; lastKnownFileType = sourcecode.c.objc; path = QWApplication.m; sourceTree = "<group>"; };
		0C0BC1C91DC08C9100E5F52B /* QWMessage.h */ = {isa = PBXFileReference; fileEncoding = 4; lastKnownFileType = sourcecode.c.h; path = QWMessage.h; sourceTree = "<group>"; };
		0C0BC1CA1DC08C9100E5F52B /* QWMessage.m */ = {isa = PBXFileReference; fileEncoding = 4; lastKnownFileType = sourcecode.c.objc; path = QWMessage.m; sourceTree = "<group>"; };
		0C0BC1CB1DC08C9100E5F52B /* QWServerPayTask.h */ = {isa = PBXFileReference; fileEncoding = 4; lastKnownFileType = sourcecode.c.h; path = QWServerPayTask.h; sourceTree = "<group>"; };
		0C0BC1CC1DC08C9100E5F52B /* QWServerPayTask.m */ = {isa = PBXFileReference; fileEncoding = 4; lastKnownFileType = sourcecode.c.objc; path = QWServerPayTask.m; sourceTree = "<group>"; };
		0C0BC1CD1DC08C9100E5F52B /* QWTask.h */ = {isa = PBXFileReference; fileEncoding = 4; lastKnownFileType = sourcecode.c.h; path = QWTask.h; sourceTree = "<group>"; };
		0C0BC1CE1DC08C9100E5F52B /* QWTask.m */ = {isa = PBXFileReference; fileEncoding = 4; lastKnownFileType = sourcecode.c.objc; path = QWTask.m; sourceTree = "<group>"; };
		0C0BC1CF1DC08C9100E5F52B /* QWURLEncodeEngine.h */ = {isa = PBXFileReference; fileEncoding = 4; lastKnownFileType = sourcecode.c.h; path = QWURLEncodeEngine.h; sourceTree = "<group>"; };
		0C0BC1D01DC08C9100E5F52B /* QWURLEncodeEngine.m */ = {isa = PBXFileReference; fileEncoding = 4; lastKnownFileType = sourcecode.c.objc; path = QWURLEncodeEngine.m; sourceTree = "<group>"; };
		0C0BC1D21DC08C9100E5F52B /* libHYUnionPayAdapter.a */ = {isa = PBXFileReference; lastKnownFileType = archive.ar; path = libHYUnionPayAdapter.a; sourceTree = "<group>"; };
		0C0BC1D31DC08C9100E5F52B /* libPaymentControl.a */ = {isa = PBXFileReference; lastKnownFileType = archive.ar; path = libPaymentControl.a; sourceTree = "<group>"; };
		0C0BC1D41DC08C9100E5F52B /* UPPaymentControl.h */ = {isa = PBXFileReference; fileEncoding = 4; lastKnownFileType = sourcecode.c.h; path = UPPaymentControl.h; sourceTree = "<group>"; };
		0C0BC1D61DC08C9100E5F52B /* libHYWXPayAdapter.a */ = {isa = PBXFileReference; lastKnownFileType = archive.ar; path = libHYWXPayAdapter.a; sourceTree = "<group>"; };
		0C0BC1D71DC08C9100E5F52B /* libWeChatSDK.a */ = {isa = PBXFileReference; lastKnownFileType = archive.ar; path = libWeChatSDK.a; sourceTree = "<group>"; };
		0C0BC1D81DC08C9100E5F52B /* WXApi.h */ = {isa = PBXFileReference; fileEncoding = 4; lastKnownFileType = sourcecode.c.h; path = WXApi.h; sourceTree = "<group>"; };
		0C0BC1D91DC08C9100E5F52B /* WXApiObject.h */ = {isa = PBXFileReference; fileEncoding = 4; lastKnownFileType = sourcecode.c.h; path = WXApiObject.h; sourceTree = "<group>"; };
		0C0BC1DB1DC08C9100E5F52B /* HeeMoney.h */ = {isa = PBXFileReference; fileEncoding = 4; lastKnownFileType = sourcecode.c.h; path = HeeMoney.h; sourceTree = "<group>"; };
		0C0BC1DC1DC08C9100E5F52B /* HYPayReq.h */ = {isa = PBXFileReference; fileEncoding = 4; lastKnownFileType = sourcecode.c.h; path = HYPayReq.h; sourceTree = "<group>"; };
		0C0BC1DD1DC08C9100E5F52B /* HYPayResp.h */ = {isa = PBXFileReference; fileEncoding = 4; lastKnownFileType = sourcecode.c.h; path = HYPayResp.h; sourceTree = "<group>"; };
		0C0BC1DE1DC08C9100E5F52B /* libHeeMoney.a */ = {isa = PBXFileReference; lastKnownFileType = archive.ar; path = libHeeMoney.a; sourceTree = "<group>"; };
		0C8AEBBB1DBDAEB800B7B4E6 /* MBProgressHUD.h */ = {isa = PBXFileReference; fileEncoding = 4; lastKnownFileType = sourcecode.c.h; path = MBProgressHUD.h; sourceTree = "<group>"; };
		0C8AEBBC1DBDAEB800B7B4E6 /* MBProgressHUD.m */ = {isa = PBXFileReference; fileEncoding = 4; lastKnownFileType = sourcecode.c.objc; path = MBProgressHUD.m; sourceTree = "<group>"; };
		0C8AEBBE1DBDAF4200B7B4E6 /* HYUtils.h */ = {isa = PBXFileReference; fileEncoding = 4; lastKnownFileType = sourcecode.c.h; path = HYUtils.h; sourceTree = "<group>"; };
		0C8AEBBF1DBDAF4200B7B4E6 /* HYUtils.m */ = {isa = PBXFileReference; fileEncoding = 4; lastKnownFileType = sourcecode.c.objc; path = HYUtils.m; sourceTree = "<group>"; };
		0C8AEBC11DBE103B00B7B4E6 /* Assets.xcassets */ = {isa = PBXFileReference; lastKnownFileType = folder.assetcatalog; path = Assets.xcassets; sourceTree = "<group>"; };
		20FAE5A84FD09EA979F5497F /* Pods-HeeMoneySDKDemoUITests.debug.xcconfig */ = {isa = PBXFileReference; includeInIndex = 1; lastKnownFileType = text.xcconfig; name = "Pods-HeeMoneySDKDemoUITests.debug.xcconfig"; path = "Pods/Target Support Files/Pods-HeeMoneySDKDemoUITests/Pods-HeeMoneySDKDemoUITests.debug.xcconfig"; sourceTree = "<group>"; };
		5A11333FB5E7CE4ECABAF3D4 /* Pods-HeeMoneySDKDemoTests.debug.xcconfig */ = {isa = PBXFileReference; includeInIndex = 1; lastKnownFileType = text.xcconfig; name = "Pods-HeeMoneySDKDemoTests.debug.xcconfig"; path = "Pods/Target Support Files/Pods-HeeMoneySDKDemoTests/Pods-HeeMoneySDKDemoTests.debug.xcconfig"; sourceTree = "<group>"; };
		6FD615A742501D5607455A93 /* libPods-HeeMoneySDKDemoTests.a */ = {isa = PBXFileReference; explicitFileType = archive.ar; includeInIndex = 0; path = "libPods-HeeMoneySDKDemoTests.a"; sourceTree = BUILT_PRODUCTS_DIR; };
		7D5B3FAF47E8B283C92E2FA2 /* libPods-HeeMoneySDKDemo.a */ = {isa = PBXFileReference; explicitFileType = archive.ar; includeInIndex = 0; path = "libPods-HeeMoneySDKDemo.a"; sourceTree = BUILT_PRODUCTS_DIR; };
		80CFC4D3F465E37FFF2F496E /* Pods-HeeMoneySDKDemoTests.release.xcconfig */ = {isa = PBXFileReference; includeInIndex = 1; lastKnownFileType = text.xcconfig; name = "Pods-HeeMoneySDKDemoTests.release.xcconfig"; path = "Pods/Target Support Files/Pods-HeeMoneySDKDemoTests/Pods-HeeMoneySDKDemoTests.release.xcconfig"; sourceTree = "<group>"; };
		8DAD0384AD19433CD8FA6692 /* Pods-HeeMoneySDKDemo.release.xcconfig */ = {isa = PBXFileReference; includeInIndex = 1; lastKnownFileType = text.xcconfig; name = "Pods-HeeMoneySDKDemo.release.xcconfig"; path = "Pods/Target Support Files/Pods-HeeMoneySDKDemo/Pods-HeeMoneySDKDemo.release.xcconfig"; sourceTree = "<group>"; };
		AB13E3B31D6559CF002503A3 /* HYPayChannelCell.h */ = {isa = PBXFileReference; fileEncoding = 4; lastKnownFileType = sourcecode.c.h; path = HYPayChannelCell.h; sourceTree = "<group>"; };
		AB13E3B41D6559CF002503A3 /* HYPayChannelCell.m */ = {isa = PBXFileReference; fileEncoding = 4; lastKnownFileType = sourcecode.c.objc; path = HYPayChannelCell.m; sourceTree = "<group>"; };
		AB240DD41D631AC400920C78 /* HeeMoneySDKDemo.app */ = {isa = PBXFileReference; explicitFileType = wrapper.application; includeInIndex = 0; path = HeeMoneySDKDemo.app; sourceTree = BUILT_PRODUCTS_DIR; };
		AB240DD81D631AC400920C78 /* main.m */ = {isa = PBXFileReference; lastKnownFileType = sourcecode.c.objc; path = main.m; sourceTree = "<group>"; };
		AB240DDA1D631AC400920C78 /* AppDelegate.h */ = {isa = PBXFileReference; lastKnownFileType = sourcecode.c.h; path = AppDelegate.h; sourceTree = "<group>"; };
		AB240DDB1D631AC400920C78 /* AppDelegate.m */ = {isa = PBXFileReference; lastKnownFileType = sourcecode.c.objc; path = AppDelegate.m; sourceTree = "<group>"; };
		AB240DDD1D631AC400920C78 /* ViewController.h */ = {isa = PBXFileReference; lastKnownFileType = sourcecode.c.h; path = ViewController.h; sourceTree = "<group>"; };
		AB240DDE1D631AC400920C78 /* ViewController.m */ = {isa = PBXFileReference; lastKnownFileType = sourcecode.c.objc; path = ViewController.m; sourceTree = "<group>"; };
		AB240DE81D631AC400920C78 /* Info.plist */ = {isa = PBXFileReference; lastKnownFileType = text.plist.xml; path = Info.plist; sourceTree = "<group>"; };
		AB240DED1D631AC400920C78 /* HeeMoneySDKDemoTests.xctest */ = {isa = PBXFileReference; explicitFileType = wrapper.cfbundle; includeInIndex = 0; path = HeeMoneySDKDemoTests.xctest; sourceTree = BUILT_PRODUCTS_DIR; };
		AB240DF11D631AC400920C78 /* HeeMoneySDKDemoTests.m */ = {isa = PBXFileReference; lastKnownFileType = sourcecode.c.objc; path = HeeMoneySDKDemoTests.m; sourceTree = "<group>"; };
		AB240DF31D631AC400920C78 /* Info.plist */ = {isa = PBXFileReference; lastKnownFileType = text.plist.xml; path = Info.plist; sourceTree = "<group>"; };
		AB240DF81D631AC400920C78 /* HeeMoneySDKDemoUITests.xctest */ = {isa = PBXFileReference; explicitFileType = wrapper.cfbundle; includeInIndex = 0; path = HeeMoneySDKDemoUITests.xctest; sourceTree = BUILT_PRODUCTS_DIR; };
		AB240DFC1D631AC400920C78 /* HeeMoneySDKDemoUITests.m */ = {isa = PBXFileReference; lastKnownFileType = sourcecode.c.objc; path = HeeMoneySDKDemoUITests.m; sourceTree = "<group>"; };
		AB240DFE1D631AC400920C78 /* Info.plist */ = {isa = PBXFileReference; lastKnownFileType = text.plist.xml; path = Info.plist; sourceTree = "<group>"; };
		ABE730BD1D6D40970009A075 /* CFNetwork.framework */ = {isa = PBXFileReference; lastKnownFileType = wrapper.framework; name = CFNetwork.framework; path = System/Library/Frameworks/CFNetwork.framework; sourceTree = SDKROOT; };
		ABE730BF1D6D40A10009A075 /* SystemConfiguration.framework */ = {isa = PBXFileReference; lastKnownFileType = wrapper.framework; name = SystemConfiguration.framework; path = System/Library/Frameworks/SystemConfiguration.framework; sourceTree = SDKROOT; };
		ABE730C11D6D40A90009A075 /* Security.framework */ = {isa = PBXFileReference; lastKnownFileType = wrapper.framework; name = Security.framework; path = System/Library/Frameworks/Security.framework; sourceTree = SDKROOT; };
		ABE730C31D6D40B10009A075 /* QuartzCore.framework */ = {isa = PBXFileReference; lastKnownFileType = wrapper.framework; name = QuartzCore.framework; path = System/Library/Frameworks/QuartzCore.framework; sourceTree = SDKROOT; };
		ABE730C51D6D40BB0009A075 /* CoreTelephony.framework */ = {isa = PBXFileReference; lastKnownFileType = wrapper.framework; name = CoreTelephony.framework; path = System/Library/Frameworks/CoreTelephony.framework; sourceTree = SDKROOT; };
		ABE730C71D6D40C50009A075 /* CoreMotion.framework */ = {isa = PBXFileReference; lastKnownFileType = wrapper.framework; name = CoreMotion.framework; path = System/Library/Frameworks/CoreMotion.framework; sourceTree = SDKROOT; };
		ABE730C91D6D40D30009A075 /* libc++.tbd */ = {isa = PBXFileReference; lastKnownFileType = "sourcecode.text-based-dylib-definition"; name = "libc++.tbd"; path = "usr/lib/libc++.tbd"; sourceTree = SDKROOT; };
		ABE730CB1D6D40E10009A075 /* libsqlite3.0.tbd */ = {isa = PBXFileReference; lastKnownFileType = "sourcecode.text-based-dylib-definition"; name = libsqlite3.0.tbd; path = usr/lib/libsqlite3.0.tbd; sourceTree = SDKROOT; };
		ABE730CD1D6D40EB0009A075 /* libstdc++.tbd */ = {isa = PBXFileReference; lastKnownFileType = "sourcecode.text-based-dylib-definition"; name = "libstdc++.tbd"; path = "usr/lib/libstdc++.tbd"; sourceTree = SDKROOT; };
		ABE730CF1D6D40F70009A075 /* AddressBook.framework */ = {isa = PBXFileReference; lastKnownFileType = wrapper.framework; name = AddressBook.framework; path = System/Library/Frameworks/AddressBook.framework; sourceTree = SDKROOT; };
		ABE730D11D6D40FC0009A075 /* AddressBookUI.framework */ = {isa = PBXFileReference; lastKnownFileType = wrapper.framework; name = AddressBookUI.framework; path = System/Library/Frameworks/AddressBookUI.framework; sourceTree = SDKROOT; };
		ABE730D31D6D41070009A075 /* AudioToolbox.framework */ = {isa = PBXFileReference; lastKnownFileType = wrapper.framework; name = AudioToolbox.framework; path = System/Library/Frameworks/AudioToolbox.framework; sourceTree = SDKROOT; };
		ABE730D51D6D41140009A075 /* CoreAudio.framework */ = {isa = PBXFileReference; lastKnownFileType = wrapper.framework; name = CoreAudio.framework; path = System/Library/Frameworks/CoreAudio.framework; sourceTree = SDKROOT; };
		ABE730D71D6D411D0009A075 /* CoreGraphics.framework */ = {isa = PBXFileReference; lastKnownFileType = wrapper.framework; name = CoreGraphics.framework; path = System/Library/Frameworks/CoreGraphics.framework; sourceTree = SDKROOT; };
		ABE730D91D6D41270009A075 /* ImageIO.framework */ = {isa = PBXFileReference; lastKnownFileType = wrapper.framework; name = ImageIO.framework; path = System/Library/Frameworks/ImageIO.framework; sourceTree = SDKROOT; };
		ABE730DB1D6D41320009A075 /* MapKit.framework */ = {isa = PBXFileReference; lastKnownFileType = wrapper.framework; name = MapKit.framework; path = System/Library/Frameworks/MapKit.framework; sourceTree = SDKROOT; };
		ABE730DD1D6D413E0009A075 /* MessageUI.framework */ = {isa = PBXFileReference; lastKnownFileType = wrapper.framework; name = MessageUI.framework; path = System/Library/Frameworks/MessageUI.framework; sourceTree = SDKROOT; };
		ABE730DF1D6D414B0009A075 /* MobileCoreServices.framework */ = {isa = PBXFileReference; lastKnownFileType = wrapper.framework; name = MobileCoreServices.framework; path = System/Library/Frameworks/MobileCoreServices.framework; sourceTree = SDKROOT; };
		ABE730E31D6D424D0009A075 /* AVFoundation.framework */ = {isa = PBXFileReference; lastKnownFileType = wrapper.framework; name = AVFoundation.framework; path = System/Library/Frameworks/AVFoundation.framework; sourceTree = SDKROOT; };
		ABE730E51D6D42530009A075 /* CoreLocation.framework */ = {isa = PBXFileReference; lastKnownFileType = wrapper.framework; name = CoreLocation.framework; path = System/Library/Frameworks/CoreLocation.framework; sourceTree = SDKROOT; };
		ABE730E71D6D42730009A075 /* AssetsLibrary.framework */ = {isa = PBXFileReference; lastKnownFileType = wrapper.framework; name = AssetsLibrary.framework; path = System/Library/Frameworks/AssetsLibrary.framework; sourceTree = SDKROOT; };
		ABE730E91D6D42830009A075 /* LocalAuthentication.framework */ = {isa = PBXFileReference; lastKnownFileType = wrapper.framework; name = LocalAuthentication.framework; path = System/Library/Frameworks/LocalAuthentication.framework; sourceTree = SDKROOT; };
		ABE730EB1D6D42950009A075 /* CoreMedia.framework */ = {isa = PBXFileReference; lastKnownFileType = wrapper.framework; name = CoreMedia.framework; path = System/Library/Frameworks/CoreMedia.framework; sourceTree = SDKROOT; };
		ABE730ED1D6D42C90009A075 /* libz.1.2.5.tbd */ = {isa = PBXFileReference; lastKnownFileType = "sourcecode.text-based-dylib-definition"; name = libz.1.2.5.tbd; path = usr/lib/libz.1.2.5.tbd; sourceTree = SDKROOT; };
		B035C067693C32BD1545127A /* Pods-HeeMoneySDKDemoUITests.release.xcconfig */ = {isa = PBXFileReference; includeInIndex = 1; lastKnownFileType = text.xcconfig; name = "Pods-HeeMoneySDKDemoUITests.release.xcconfig"; path = "Pods/Target Support Files/Pods-HeeMoneySDKDemoUITests/Pods-HeeMoneySDKDemoUITests.release.xcconfig"; sourceTree = "<group>"; };
		C1BD1590EF4E5B3D20AA0224 /* libPods-HeeMoneySDKDemoUITests.a */ = {isa = PBXFileReference; explicitFileType = archive.ar; includeInIndex = 0; path = "libPods-HeeMoneySDKDemoUITests.a"; sourceTree = BUILT_PRODUCTS_DIR; };
/* End PBXFileReference section */

/* Begin PBXFrameworksBuildPhase section */
		AB240DD11D631AC400920C78 /* Frameworks */ = {
			isa = PBXFrameworksBuildPhase;
			buildActionMask = 2147483647;
			files = (
				ABE730EE1D6D42C90009A075 /* libz.1.2.5.tbd in Frameworks */,
				0C0BC1E51DC08C9100E5F52B /* libASIHTTPRequest.a in Frameworks */,
				ABE730EC1D6D42950009A075 /* CoreMedia.framework in Frameworks */,
				ABE730EA1D6D42830009A075 /* LocalAuthentication.framework in Frameworks */,
				0C0BC1F41DC08C9100E5F52B /* libPaymentControl.a in Frameworks */,
				ABE730E81D6D42730009A075 /* AssetsLibrary.framework in Frameworks */,
				0C0BC1E41DC08C9100E5F52B /* BaiduWallet_Portal.framework in Frameworks */,
				ABE730E61D6D42530009A075 /* CoreLocation.framework in Frameworks */,
				ABE730E41D6D424D0009A075 /* AVFoundation.framework in Frameworks */,
				0C0BC1DF1DC08C9100E5F52B /* AlipaySDK.framework in Frameworks */,
				0C0BC1E81DC08C9100E5F52B /* libJSONKit.a in Frameworks */,
				ABE730E01D6D414B0009A075 /* MobileCoreServices.framework in Frameworks */,
				ABE730DE1D6D413E0009A075 /* MessageUI.framework in Frameworks */,
				ABE730DC1D6D41320009A075 /* MapKit.framework in Frameworks */,
				0C0BC1E21DC08C9100E5F52B /* libUPAPayPlugin.a in Frameworks */,
				0C0BC1F51DC08C9100E5F52B /* libHYWXPayAdapter.a in Frameworks */,
				ABE730DA1D6D41270009A075 /* ImageIO.framework in Frameworks */,
				ABE730D81D6D411D0009A075 /* CoreGraphics.framework in Frameworks */,
				0C0BC1F31DC08C9100E5F52B /* libHYUnionPayAdapter.a in Frameworks */,
				0C0BC1EA1DC08C9100E5F52B /* libHYBaiDuAdapter.a in Frameworks */,
				ABE730D61D6D41140009A075 /* CoreAudio.framework in Frameworks */,
				ABE730D41D6D41070009A075 /* AudioToolbox.framework in Frameworks */,
				0C0BC1E71DC08C9100E5F52B /* libTouchJSON.a in Frameworks */,
				ABE730D21D6D40FC0009A075 /* AddressBookUI.framework in Frameworks */,
				0C0BC1F71DC08C9100E5F52B /* libHeeMoney.a in Frameworks */,
				ABE730D01D6D40F70009A075 /* AddressBook.framework in Frameworks */,
				ABE730CE1D6D40EB0009A075 /* libstdc++.tbd in Frameworks */,
				0C0BC1EB1DC08C9100E5F52B /* libHYQQPayAdapter.a in Frameworks */,
				ABE730CC1D6D40E10009A075 /* libsqlite3.0.tbd in Frameworks */,
				ABE730CA1D6D40D30009A075 /* libc++.tbd in Frameworks */,
				ABE730C81D6D40C50009A075 /* CoreMotion.framework in Frameworks */,
				ABE730C61D6D40BB0009A075 /* CoreTelephony.framework in Frameworks */,
				ABE730C41D6D40B10009A075 /* QuartzCore.framework in Frameworks */,
				0C0BC1E01DC08C9100E5F52B /* libHYAliPayAdapter.a in Frameworks */,
				ABE730C21D6D40A90009A075 /* Security.framework in Frameworks */,
				0C0BC1F61DC08C9100E5F52B /* libWeChatSDK.a in Frameworks */,
				0C0BC1E91DC08C9100E5F52B /* libSDWebImage.a in Frameworks */,
				ABE730C01D6D40A10009A075 /* SystemConfiguration.framework in Frameworks */,
				0C0BC1E61DC08C9100E5F52B /* libBaiduMobStatForSDK.a in Frameworks */,
				0C0BC1E11DC08C9100E5F52B /* libHYApplePayAdapter.a in Frameworks */,
				ABE730BE1D6D40970009A075 /* CFNetwork.framework in Frameworks */,
				270012663269B9FCFAD19F6A /* libPods-HeeMoneySDKDemo.a in Frameworks */,
			);
			runOnlyForDeploymentPostprocessing = 0;
		};
		AB240DEA1D631AC400920C78 /* Frameworks */ = {
			isa = PBXFrameworksBuildPhase;
			buildActionMask = 2147483647;
			files = (
				650EA1AD93249FEBFB205321 /* libPods-HeeMoneySDKDemoTests.a in Frameworks */,
			);
			runOnlyForDeploymentPostprocessing = 0;
		};
		AB240DF51D631AC400920C78 /* Frameworks */ = {
			isa = PBXFrameworksBuildPhase;
			buildActionMask = 2147483647;
			files = (
				7321DB482AEF51F4D3616AD4 /* libPods-HeeMoneySDKDemoUITests.a in Frameworks */,
			);
			runOnlyForDeploymentPostprocessing = 0;
		};
/* End PBXFrameworksBuildPhase section */

/* Begin PBXGroup section */
		0C0BC1951DC08C9100E5F52B /* SDK */ = {
			isa = PBXGroup;
			children = (
				0C0BC1961DC08C9100E5F52B /* Channel */,
				0C0BC1DA1DC08C9100E5F52B /* HeeMoneySDK */,
			);
			path = SDK;
			sourceTree = "<group>";
		};
		0C0BC1961DC08C9100E5F52B /* Channel */ = {
			isa = PBXGroup;
			children = (
				0C0BC1971DC08C9100E5F52B /* AliPay */,
				0C0BC19A1DC08C9100E5F52B /* ApplePay */,
				0C0BC19F1DC08C9100E5F52B /* BaiDu */,
				0C0BC1C01DC08C9100E5F52B /* QQPay */,
				0C0BC1D11DC08C9100E5F52B /* UnionPay */,
				0C0BC1D51DC08C9100E5F52B /* WXPay */,
			);
			path = Channel;
			sourceTree = "<group>";
		};
		0C0BC1971DC08C9100E5F52B /* AliPay */ = {
			isa = PBXGroup;
			children = (
				0C0BC1981DC08C9100E5F52B /* AlipaySDK.framework */,
				0C0BC1991DC08C9100E5F52B /* libHYAliPayAdapter.a */,
			);
			path = AliPay;
			sourceTree = "<group>";
		};
		0C0BC19A1DC08C9100E5F52B /* ApplePay */ = {
			isa = PBXGroup;
			children = (
				0C0BC19B1DC08C9100E5F52B /* libHYApplePayAdapter.a */,
				0C0BC19C1DC08C9100E5F52B /* libUPAPayPlugin.a */,
				0C0BC19D1DC08C9100E5F52B /* UPAPayPlugin.h */,
				0C0BC19E1DC08C9100E5F52B /* UPAPayPluginDelegate.h */,
			);
			path = ApplePay;
			sourceTree = "<group>";
		};
		0C0BC19F1DC08C9100E5F52B /* BaiDu */ = {
			isa = PBXGroup;
			children = (
				0C0BC1A01DC08C9100E5F52B /* BDWalletSDK */,
				0C0BC1A31DC08C9100E5F52B /* Dependency */,
				0C0BC1BF1DC08C9100E5F52B /* libHYBaiDuAdapter.a */,
			);
			path = BaiDu;
			sourceTree = "<group>";
		};
		0C0BC1A01DC08C9100E5F52B /* BDWalletSDK */ = {
			isa = PBXGroup;
			children = (
				0C0BC1A11DC08C9100E5F52B /* BaiduWallet_Portal.bundle */,
				0C0BC1A21DC08C9100E5F52B /* BaiduWallet_Portal.framework */,
			);
			path = BDWalletSDK;
			sourceTree = "<group>";
		};
		0C0BC1A31DC08C9100E5F52B /* Dependency */ = {
			isa = PBXGroup;
			children = (
				0C0BC1A41DC08C9100E5F52B /* ASIHttpRequest */,
				0C0BC1A71DC08C9100E5F52B /* BaiduMobStat */,
				0C0BC1AB1DC08C9100E5F52B /* JSONKit */,
				0C0BC1AE1DC08C9100E5F52B /* SDWebImage */,
			);
			path = Dependency;
			sourceTree = "<group>";
		};
		0C0BC1A41DC08C9100E5F52B /* ASIHttpRequest */ = {
			isa = PBXGroup;
			children = (
				0C0BC1A51DC08C9100E5F52B /* ASIHTTPRequest.h */,
				0C0BC1A61DC08C9100E5F52B /* libASIHTTPRequest.a */,
			);
			path = ASIHttpRequest;
			sourceTree = "<group>";
		};
		0C0BC1A71DC08C9100E5F52B /* BaiduMobStat */ = {
			isa = PBXGroup;
			children = (
				0C0BC1A81DC08C9100E5F52B /* BaiduMobStat */,
				0C0BC1AA1DC08C9100E5F52B /* libTouchJSON.a */,
			);
			path = BaiduMobStat;
			sourceTree = "<group>";
		};
		0C0BC1A81DC08C9100E5F52B /* BaiduMobStat */ = {
			isa = PBXGroup;
			children = (
				0C0BC1A91DC08C9100E5F52B /* libBaiduMobStatForSDK.a */,
			);
			path = BaiduMobStat;
			sourceTree = "<group>";
		};
		0C0BC1AB1DC08C9100E5F52B /* JSONKit */ = {
			isa = PBXGroup;
			children = (
				0C0BC1AC1DC08C9100E5F52B /* JSONKit.h */,
				0C0BC1AD1DC08C9100E5F52B /* libJSONKit.a */,
			);
			path = JSONKit;
			sourceTree = "<group>";
		};
		0C0BC1AE1DC08C9100E5F52B /* SDWebImage */ = {
			isa = PBXGroup;
			children = (
				0C0BC1AF1DC08C9100E5F52B /* libSDWebImage.a */,
				0C0BC1B01DC08C9100E5F52B /* MKAnnotationView+WebCache.h */,
				0C0BC1B11DC08C9100E5F52B /* NSData+ImageContentType.h */,
				0C0BC1B21DC08C9100E5F52B /* SDImageCache.h */,
				0C0BC1B31DC08C9100E5F52B /* SDWebImageCompat.h */,
				0C0BC1B41DC08C9100E5F52B /* SDWebImageDecoder.h */,
				0C0BC1B51DC08C9100E5F52B /* SDWebImageDownloader.h */,
				0C0BC1B61DC08C9100E5F52B /* SDWebImageDownloaderOperation.h */,
				0C0BC1B71DC08C9100E5F52B /* SDWebImageManager.h */,
				0C0BC1B81DC08C9100E5F52B /* SDWebImageOperation.h */,
				0C0BC1B91DC08C9100E5F52B /* SDWebImagePrefetcher.h */,
				0C0BC1BA1DC08C9100E5F52B /* UIButton+WebCache.h */,
				0C0BC1BB1DC08C9100E5F52B /* UIImage+GIF.h */,
				0C0BC1BC1DC08C9100E5F52B /* UIImage+MultiFormat.h */,
				0C0BC1BD1DC08C9100E5F52B /* UIImage+WebP.h */,
				0C0BC1BE1DC08C9100E5F52B /* UIImageView+WebCache.h */,
			);
			path = SDWebImage;
			sourceTree = "<group>";
		};
		0C0BC1C01DC08C9100E5F52B /* QQPay */ = {
			isa = PBXGroup;
			children = (
				0C0BC1C11DC08C9100E5F52B /* libHYQQPayAdapter.a */,
				0C0BC1C21DC08C9100E5F52B /* QQWalletSDK */,
			);
			path = QQPay;
			sourceTree = "<group>";
		};
		0C0BC1C21DC08C9100E5F52B /* QQWalletSDK */ = {
			isa = PBXGroup;
			children = (
				0C0BC1C31DC08C9100E5F52B /* QQWalletDefines.h */,
				0C0BC1C41DC08C9100E5F52B /* QQWalletDefines.m */,
				0C0BC1C51DC08C9100E5F52B /* QQWalletSDK.h */,
				0C0BC1C61DC08C9100E5F52B /* QQWalletSDK.m */,
				0C0BC1C71DC08C9100E5F52B /* QWApplication.h */,
				0C0BC1C81DC08C9100E5F52B /* QWApplication.m */,
				0C0BC1C91DC08C9100E5F52B /* QWMessage.h */,
				0C0BC1CA1DC08C9100E5F52B /* QWMessage.m */,
				0C0BC1CB1DC08C9100E5F52B /* QWServerPayTask.h */,
				0C0BC1CC1DC08C9100E5F52B /* QWServerPayTask.m */,
				0C0BC1CD1DC08C9100E5F52B /* QWTask.h */,
				0C0BC1CE1DC08C9100E5F52B /* QWTask.m */,
				0C0BC1CF1DC08C9100E5F52B /* QWURLEncodeEngine.h */,
				0C0BC1D01DC08C9100E5F52B /* QWURLEncodeEngine.m */,
			);
			path = QQWalletSDK;
			sourceTree = "<group>";
		};
		0C0BC1D11DC08C9100E5F52B /* UnionPay */ = {
			isa = PBXGroup;
			children = (
				0C0BC1D21DC08C9100E5F52B /* libHYUnionPayAdapter.a */,
				0C0BC1D31DC08C9100E5F52B /* libPaymentControl.a */,
				0C0BC1D41DC08C9100E5F52B /* UPPaymentControl.h */,
			);
			path = UnionPay;
			sourceTree = "<group>";
		};
		0C0BC1D51DC08C9100E5F52B /* WXPay */ = {
			isa = PBXGroup;
			children = (
				0C0BC1D61DC08C9100E5F52B /* libHYWXPayAdapter.a */,
				0C0BC1D71DC08C9100E5F52B /* libWeChatSDK.a */,
				0C0BC1D81DC08C9100E5F52B /* WXApi.h */,
				0C0BC1D91DC08C9100E5F52B /* WXApiObject.h */,
			);
			path = WXPay;
			sourceTree = "<group>";
		};
		0C0BC1DA1DC08C9100E5F52B /* HeeMoneySDK */ = {
			isa = PBXGroup;
			children = (
				0C0BC1DB1DC08C9100E5F52B /* HeeMoney.h */,
				0C0BC1DC1DC08C9100E5F52B /* HYPayReq.h */,
				0C0BC1DD1DC08C9100E5F52B /* HYPayResp.h */,
				0C0BC1DE1DC08C9100E5F52B /* libHeeMoney.a */,
			);
			path = HeeMoneySDK;
			sourceTree = "<group>";
		};
		5D34631250E8E15FEFB548D1 /* Frameworks */ = {
			isa = PBXGroup;
			children = (
				7D5B3FAF47E8B283C92E2FA2 /* libPods-HeeMoneySDKDemo.a */,
				6FD615A742501D5607455A93 /* libPods-HeeMoneySDKDemoTests.a */,
				C1BD1590EF4E5B3D20AA0224 /* libPods-HeeMoneySDKDemoUITests.a */,
			);
			name = Frameworks;
			sourceTree = "<group>";
		};
		AB240DCB1D631AC400920C78 = {
			isa = PBXGroup;
			children = (
				ABE730ED1D6D42C90009A075 /* libz.1.2.5.tbd */,
				ABE730EB1D6D42950009A075 /* CoreMedia.framework */,
				ABE730E91D6D42830009A075 /* LocalAuthentication.framework */,
				ABE730E71D6D42730009A075 /* AssetsLibrary.framework */,
				ABE730E51D6D42530009A075 /* CoreLocation.framework */,
				ABE730E31D6D424D0009A075 /* AVFoundation.framework */,
				ABE730DF1D6D414B0009A075 /* MobileCoreServices.framework */,
				ABE730DD1D6D413E0009A075 /* MessageUI.framework */,
				ABE730DB1D6D41320009A075 /* MapKit.framework */,
				ABE730D91D6D41270009A075 /* ImageIO.framework */,
				ABE730D71D6D411D0009A075 /* CoreGraphics.framework */,
				ABE730D51D6D41140009A075 /* CoreAudio.framework */,
				ABE730D31D6D41070009A075 /* AudioToolbox.framework */,
				ABE730D11D6D40FC0009A075 /* AddressBookUI.framework */,
				ABE730CF1D6D40F70009A075 /* AddressBook.framework */,
				ABE730CD1D6D40EB0009A075 /* libstdc++.tbd */,
				ABE730CB1D6D40E10009A075 /* libsqlite3.0.tbd */,
				ABE730C91D6D40D30009A075 /* libc++.tbd */,
				ABE730C71D6D40C50009A075 /* CoreMotion.framework */,
				ABE730C51D6D40BB0009A075 /* CoreTelephony.framework */,
				ABE730C31D6D40B10009A075 /* QuartzCore.framework */,
				ABE730C11D6D40A90009A075 /* Security.framework */,
				ABE730BF1D6D40A10009A075 /* SystemConfiguration.framework */,
				ABE730BD1D6D40970009A075 /* CFNetwork.framework */,
				AB240DD61D631AC400920C78 /* HeeMoneySDKDemo */,
				AB240DF01D631AC400920C78 /* HeeMoneySDKDemoTests */,
				AB240DFB1D631AC400920C78 /* HeeMoneySDKDemoUITests */,
				AB240DD51D631AC400920C78 /* Products */,
				C6DCCB003655603E84AAB085 /* Pods */,
				5D34631250E8E15FEFB548D1 /* Frameworks */,
			);
			sourceTree = "<group>";
		};
		AB240DD51D631AC400920C78 /* Products */ = {
			isa = PBXGroup;
			children = (
				AB240DD41D631AC400920C78 /* HeeMoneySDKDemo.app */,
				AB240DED1D631AC400920C78 /* HeeMoneySDKDemoTests.xctest */,
				AB240DF81D631AC400920C78 /* HeeMoneySDKDemoUITests.xctest */,
			);
			name = Products;
			sourceTree = "<group>";
		};
		AB240DD61D631AC400920C78 /* HeeMoneySDKDemo */ = {
			isa = PBXGroup;
			children = (
				0C0BC1951DC08C9100E5F52B /* SDK */,
				AB2766DE1D7587300039ED93 /* Lib */,
				AB240DDA1D631AC400920C78 /* AppDelegate.h */,
				AB240DDB1D631AC400920C78 /* AppDelegate.m */,
				AB240DDD1D631AC400920C78 /* ViewController.h */,
				AB240DDE1D631AC400920C78 /* ViewController.m */,
				AB13E3B31D6559CF002503A3 /* HYPayChannelCell.h */,
				AB13E3B41D6559CF002503A3 /* HYPayChannelCell.m */,
				0C8AEBBE1DBDAF4200B7B4E6 /* HYUtils.h */,
				0C8AEBBF1DBDAF4200B7B4E6 /* HYUtils.m */,
				AB240DE81D631AC400920C78 /* Info.plist */,
				0C0BC0D11DC04C6D00E5F52B /* LaunchScreen.storyboard */,
				0C8AEBC11DBE103B00B7B4E6 /* Assets.xcassets */,
				AB240DD71D631AC400920C78 /* Supporting Files */,
			);
			path = HeeMoneySDKDemo;
			sourceTree = "<group>";
		};
		AB240DD71D631AC400920C78 /* Supporting Files */ = {
			isa = PBXGroup;
			children = (
				AB240DD81D631AC400920C78 /* main.m */,
			);
			name = "Supporting Files";
			sourceTree = "<group>";
		};
		AB240DF01D631AC400920C78 /* HeeMoneySDKDemoTests */ = {
			isa = PBXGroup;
			children = (
				AB240DF11D631AC400920C78 /* HeeMoneySDKDemoTests.m */,
				AB240DF31D631AC400920C78 /* Info.plist */,
			);
			path = HeeMoneySDKDemoTests;
			sourceTree = "<group>";
		};
		AB240DFB1D631AC400920C78 /* HeeMoneySDKDemoUITests */ = {
			isa = PBXGroup;
			children = (
				AB240DFC1D631AC400920C78 /* HeeMoneySDKDemoUITests.m */,
				AB240DFE1D631AC400920C78 /* Info.plist */,
			);
			path = HeeMoneySDKDemoUITests;
			sourceTree = "<group>";
		};
		AB2766DE1D7587300039ED93 /* Lib */ = {
			isa = PBXGroup;
			children = (
				0C8AEBBB1DBDAEB800B7B4E6 /* MBProgressHUD.h */,
				0C8AEBBC1DBDAEB800B7B4E6 /* MBProgressHUD.m */,
			);
			path = Lib;
			sourceTree = "<group>";
		};
		C6DCCB003655603E84AAB085 /* Pods */ = {
			isa = PBXGroup;
			children = (
				05D2A8DF71D39C90981A4003 /* Pods-HeeMoneySDKDemo.debug.xcconfig */,
				8DAD0384AD19433CD8FA6692 /* Pods-HeeMoneySDKDemo.release.xcconfig */,
				5A11333FB5E7CE4ECABAF3D4 /* Pods-HeeMoneySDKDemoTests.debug.xcconfig */,
				80CFC4D3F465E37FFF2F496E /* Pods-HeeMoneySDKDemoTests.release.xcconfig */,
				20FAE5A84FD09EA979F5497F /* Pods-HeeMoneySDKDemoUITests.debug.xcconfig */,
				B035C067693C32BD1545127A /* Pods-HeeMoneySDKDemoUITests.release.xcconfig */,
			);
			name = Pods;
			sourceTree = "<group>";
		};
/* End PBXGroup section */

/* Begin PBXNativeTarget section */
		AB240DD31D631AC400920C78 /* HeeMoneySDKDemo */ = {
			isa = PBXNativeTarget;
			buildConfigurationList = AB240E011D631AC400920C78 /* Build configuration list for PBXNativeTarget "HeeMoneySDKDemo" */;
			buildPhases = (
				3B74964E79B0FCFC650F5146 /* [CP] Check Pods Manifest.lock */,
				AB240DD01D631AC400920C78 /* Sources */,
				AB240DD11D631AC400920C78 /* Frameworks */,
				AB240DD21D631AC400920C78 /* Resources */,
				3EBABD97058763FA2C4E4E46 /* [CP] Embed Pods Frameworks */,
				02880618D355B969BBD140E2 /* [CP] Copy Pods Resources */,
			);
			buildRules = (
			);
			dependencies = (
			);
			name = HeeMoneySDKDemo;
			productName = HeeMoneySDKDemo;
			productReference = AB240DD41D631AC400920C78 /* HeeMoneySDKDemo.app */;
			productType = "com.apple.product-type.application";
		};
		AB240DEC1D631AC400920C78 /* HeeMoneySDKDemoTests */ = {
			isa = PBXNativeTarget;
			buildConfigurationList = AB240E041D631AC400920C78 /* Build configuration list for PBXNativeTarget "HeeMoneySDKDemoTests" */;
			buildPhases = (
				979562DA23F1EC51A8427E2F /* [CP] Check Pods Manifest.lock */,
				AB240DE91D631AC400920C78 /* Sources */,
				AB240DEA1D631AC400920C78 /* Frameworks */,
				AB240DEB1D631AC400920C78 /* Resources */,
				3B582905C044169B92A8BED3 /* [CP] Embed Pods Frameworks */,
				978AD353436CD666E3E4BAAA /* [CP] Copy Pods Resources */,
			);
			buildRules = (
			);
			dependencies = (
				AB240DEF1D631AC400920C78 /* PBXTargetDependency */,
			);
			name = HeeMoneySDKDemoTests;
			productName = HeeMoneySDKDemoTests;
			productReference = AB240DED1D631AC400920C78 /* HeeMoneySDKDemoTests.xctest */;
			productType = "com.apple.product-type.bundle.unit-test";
		};
		AB240DF71D631AC400920C78 /* HeeMoneySDKDemoUITests */ = {
			isa = PBXNativeTarget;
			buildConfigurationList = AB240E071D631AC400920C78 /* Build configuration list for PBXNativeTarget "HeeMoneySDKDemoUITests" */;
			buildPhases = (
				278084B1A434B3E3FFEA73FE /* [CP] Check Pods Manifest.lock */,
				AB240DF41D631AC400920C78 /* Sources */,
				AB240DF51D631AC400920C78 /* Frameworks */,
				AB240DF61D631AC400920C78 /* Resources */,
				1173CA32CA1A1FFDA95F8BF8 /* [CP] Copy Pods Resources */,
			);
			buildRules = (
			);
			dependencies = (
				AB240DFA1D631AC400920C78 /* PBXTargetDependency */,
			);
			name = HeeMoneySDKDemoUITests;
			productName = HeeMoneySDKDemoUITests;
			productReference = AB240DF81D631AC400920C78 /* HeeMoneySDKDemoUITests.xctest */;
			productType = "com.apple.product-type.bundle.ui-testing";
		};
/* End PBXNativeTarget section */

/* Begin PBXProject section */
		AB240DCC1D631AC400920C78 /* Project object */ = {
			isa = PBXProject;
			attributes = {
				LastUpgradeCheck = 0730;
				ORGANIZATIONNAME = " huiyuan";
				TargetAttributes = {
					AB240DD31D631AC400920C78 = {
						CreatedOnToolsVersion = 7.3;
						DevelopmentTeam = ZZJDE2HTRL;
						ProvisioningStyle = Manual;
						SystemCapabilities = {
							com.apple.Wallet = {
								enabled = 0;
							};
						};
					};
					AB240DEC1D631AC400920C78 = {
						CreatedOnToolsVersion = 7.3;
						TestTargetID = AB240DD31D631AC400920C78;
					};
					AB240DF71D631AC400920C78 = {
						CreatedOnToolsVersion = 7.3;
						TestTargetID = AB240DD31D631AC400920C78;
					};
				};
			};
			buildConfigurationList = AB240DCF1D631AC400920C78 /* Build configuration list for PBXProject "HeeMoneySDKDemo" */;
			compatibilityVersion = "Xcode 3.2";
			developmentRegion = English;
			hasScannedForEncodings = 0;
			knownRegions = (
				en,
				Base,
			);
			mainGroup = AB240DCB1D631AC400920C78;
			productRefGroup = AB240DD51D631AC400920C78 /* Products */;
			projectDirPath = "";
			projectRoot = "";
			targets = (
				AB240DD31D631AC400920C78 /* HeeMoneySDKDemo */,
				AB240DEC1D631AC400920C78 /* HeeMoneySDKDemoTests */,
				AB240DF71D631AC400920C78 /* HeeMoneySDKDemoUITests */,
			);
		};
/* End PBXProject section */

/* Begin PBXResourcesBuildPhase section */
		AB240DD21D631AC400920C78 /* Resources */ = {
			isa = PBXResourcesBuildPhase;
			buildActionMask = 2147483647;
			files = (
				0C0BC1E31DC08C9100E5F52B /* BaiduWallet_Portal.bundle in Resources */,
				0C0BC0D31DC04C6D00E5F52B /* LaunchScreen.storyboard in Resources */,
				0C8AEBC21DBE103B00B7B4E6 /* Assets.xcassets in Resources */,
			);
			runOnlyForDeploymentPostprocessing = 0;
		};
		AB240DEB1D631AC400920C78 /* Resources */ = {
			isa = PBXResourcesBuildPhase;
			buildActionMask = 2147483647;
			files = (
			);
			runOnlyForDeploymentPostprocessing = 0;
		};
		AB240DF61D631AC400920C78 /* Resources */ = {
			isa = PBXResourcesBuildPhase;
			buildActionMask = 2147483647;
			files = (
			);
			runOnlyForDeploymentPostprocessing = 0;
		};
/* End PBXResourcesBuildPhase section */

/* Begin PBXShellScriptBuildPhase section */
		02880618D355B969BBD140E2 /* [CP] Copy Pods Resources */ = {
			isa = PBXShellScriptBuildPhase;
			buildActionMask = 2147483647;
			files = (
			);
			inputPaths = (
			);
			name = "[CP] Copy Pods Resources";
			outputPaths = (
			);
			runOnlyForDeploymentPostprocessing = 0;
			shellPath = /bin/sh;
			shellScript = "\"${SRCROOT}/Pods/Target Support Files/Pods-HeeMoneySDKDemo/Pods-HeeMoneySDKDemo-resources.sh\"\n";
			showEnvVarsInLog = 0;
		};
		1173CA32CA1A1FFDA95F8BF8 /* [CP] Copy Pods Resources */ = {
			isa = PBXShellScriptBuildPhase;
			buildActionMask = 2147483647;
			files = (
			);
			inputPaths = (
			);
			name = "[CP] Copy Pods Resources";
			outputPaths = (
			);
			runOnlyForDeploymentPostprocessing = 0;
			shellPath = /bin/sh;
			shellScript = "\"${SRCROOT}/Pods/Target Support Files/Pods-HeeMoneySDKDemoUITests/Pods-HeeMoneySDKDemoUITests-resources.sh\"\n";
			showEnvVarsInLog = 0;
		};
		278084B1A434B3E3FFEA73FE /* [CP] Check Pods Manifest.lock */ = {
			isa = PBXShellScriptBuildPhase;
			buildActionMask = 2147483647;
			files = (
			);
			inputPaths = (
			);
			name = "[CP] Check Pods Manifest.lock";
			outputPaths = (
			);
			runOnlyForDeploymentPostprocessing = 0;
			shellPath = /bin/sh;
			shellScript = "diff \"${PODS_ROOT}/../Podfile.lock\" \"${PODS_ROOT}/Manifest.lock\" > /dev/null\nif [[ $? != 0 ]] ; then\n    cat << EOM\nerror: The sandbox is not in sync with the Podfile.lock. Run 'pod install' or update your CocoaPods installation.\nEOM\n    exit 1\nfi\n";
			showEnvVarsInLog = 0;
		};
		3B582905C044169B92A8BED3 /* [CP] Embed Pods Frameworks */ = {
			isa = PBXShellScriptBuildPhase;
			buildActionMask = 2147483647;
			files = (
			);
			inputPaths = (
			);
			name = "[CP] Embed Pods Frameworks";
			outputPaths = (
			);
			runOnlyForDeploymentPostprocessing = 0;
			shellPath = /bin/sh;
			shellScript = "\"${SRCROOT}/Pods/Target Support Files/Pods-HeeMoneySDKDemoTests/Pods-HeeMoneySDKDemoTests-frameworks.sh\"\n";
			showEnvVarsInLog = 0;
		};
		3B74964E79B0FCFC650F5146 /* [CP] Check Pods Manifest.lock */ = {
			isa = PBXShellScriptBuildPhase;
			buildActionMask = 2147483647;
			files = (
			);
			inputPaths = (
			);
			name = "[CP] Check Pods Manifest.lock";
			outputPaths = (
			);
			runOnlyForDeploymentPostprocessing = 0;
			shellPath = /bin/sh;
			shellScript = "diff \"${PODS_ROOT}/../Podfile.lock\" \"${PODS_ROOT}/Manifest.lock\" > /dev/null\nif [[ $? != 0 ]] ; then\n    cat << EOM\nerror: The sandbox is not in sync with the Podfile.lock. Run 'pod install' or update your CocoaPods installation.\nEOM\n    exit 1\nfi\n";
			showEnvVarsInLog = 0;
		};
		3EBABD97058763FA2C4E4E46 /* [CP] Embed Pods Frameworks */ = {
			isa = PBXShellScriptBuildPhase;
			buildActionMask = 2147483647;
			files = (
			);
			inputPaths = (
			);
			name = "[CP] Embed Pods Frameworks";
			outputPaths = (
			);
			runOnlyForDeploymentPostprocessing = 0;
			shellPath = /bin/sh;
			shellScript = "\"${SRCROOT}/Pods/Target Support Files/Pods-HeeMoneySDKDemo/Pods-HeeMoneySDKDemo-frameworks.sh\"\n";
			showEnvVarsInLog = 0;
		};
		978AD353436CD666E3E4BAAA /* [CP] Copy Pods Resources */ = {
			isa = PBXShellScriptBuildPhase;
			buildActionMask = 2147483647;
			files = (
			);
			inputPaths = (
			);
			name = "[CP] Copy Pods Resources";
			outputPaths = (
			);
			runOnlyForDeploymentPostprocessing = 0;
			shellPath = /bin/sh;
			shellScript = "\"${SRCROOT}/Pods/Target Support Files/Pods-HeeMoneySDKDemoTests/Pods-HeeMoneySDKDemoTests-resources.sh\"\n";
			showEnvVarsInLog = 0;
		};
		979562DA23F1EC51A8427E2F /* [CP] Check Pods Manifest.lock */ = {
			isa = PBXShellScriptBuildPhase;
			buildActionMask = 2147483647;
			files = (
			);
			inputPaths = (
			);
			name = "[CP] Check Pods Manifest.lock";
			outputPaths = (
			);
			runOnlyForDeploymentPostprocessing = 0;
			shellPath = /bin/sh;
			shellScript = "diff \"${PODS_ROOT}/../Podfile.lock\" \"${PODS_ROOT}/Manifest.lock\" > /dev/null\nif [[ $? != 0 ]] ; then\n    cat << EOM\nerror: The sandbox is not in sync with the Podfile.lock. Run 'pod install' or update your CocoaPods installation.\nEOM\n    exit 1\nfi\n";
			showEnvVarsInLog = 0;
		};
/* End PBXShellScriptBuildPhase section */

/* Begin PBXSourcesBuildPhase section */
		AB240DD01D631AC400920C78 /* Sources */ = {
			isa = PBXSourcesBuildPhase;
			buildActionMask = 2147483647;
			files = (
				0C8AEBC01DBDAF4200B7B4E6 /* HYUtils.m in Sources */,
				AB240DDF1D631AC400920C78 /* ViewController.m in Sources */,
				AB240DDC1D631AC400920C78 /* AppDelegate.m in Sources */,
				0C0BC1EE1DC08C9100E5F52B /* QWApplication.m in Sources */,
				AB13E3B51D6559CF002503A3 /* HYPayChannelCell.m in Sources */,
				AB240DD91D631AC400920C78 /* main.m in Sources */,
				0C0BC1ED1DC08C9100E5F52B /* QQWalletSDK.m in Sources */,
				0C0BC1EF1DC08C9100E5F52B /* QWMessage.m in Sources */,
				0C8AEBBD1DBDAEB800B7B4E6 /* MBProgressHUD.m in Sources */,
				0C0BC1F21DC08C9100E5F52B /* QWURLEncodeEngine.m in Sources */,
				0C0BC1EC1DC08C9100E5F52B /* QQWalletDefines.m in Sources */,
				0C0BC1F11DC08C9100E5F52B /* QWTask.m in Sources */,
				0C0BC1F01DC08C9100E5F52B /* QWServerPayTask.m in Sources */,
			);
			runOnlyForDeploymentPostprocessing = 0;
		};
		AB240DE91D631AC400920C78 /* Sources */ = {
			isa = PBXSourcesBuildPhase;
			buildActionMask = 2147483647;
			files = (
				AB240DF21D631AC400920C78 /* HeeMoneySDKDemoTests.m in Sources */,
			);
			runOnlyForDeploymentPostprocessing = 0;
		};
		AB240DF41D631AC400920C78 /* Sources */ = {
			isa = PBXSourcesBuildPhase;
			buildActionMask = 2147483647;
			files = (
				AB240DFD1D631AC400920C78 /* HeeMoneySDKDemoUITests.m in Sources */,
			);
			runOnlyForDeploymentPostprocessing = 0;
		};
/* End PBXSourcesBuildPhase section */

/* Begin PBXTargetDependency section */
		AB240DEF1D631AC400920C78 /* PBXTargetDependency */ = {
			isa = PBXTargetDependency;
			target = AB240DD31D631AC400920C78 /* HeeMoneySDKDemo */;
			targetProxy = AB240DEE1D631AC400920C78 /* PBXContainerItemProxy */;
		};
		AB240DFA1D631AC400920C78 /* PBXTargetDependency */ = {
			isa = PBXTargetDependency;
			target = AB240DD31D631AC400920C78 /* HeeMoneySDKDemo */;
			targetProxy = AB240DF91D631AC400920C78 /* PBXContainerItemProxy */;
		};
/* End PBXTargetDependency section */

/* Begin PBXVariantGroup section */
		0C0BC0D11DC04C6D00E5F52B /* LaunchScreen.storyboard */ = {
			isa = PBXVariantGroup;
			children = (
				0C0BC0D21DC04C6D00E5F52B /* Base */,
			);
			name = LaunchScreen.storyboard;
			sourceTree = "<group>";
		};
/* End PBXVariantGroup section */

/* Begin XCBuildConfiguration section */
		AB240DFF1D631AC400920C78 /* Debug */ = {
			isa = XCBuildConfiguration;
			buildSettings = {
				ALWAYS_SEARCH_USER_PATHS = NO;
				CLANG_ANALYZER_NONNULL = YES;
				CLANG_CXX_LANGUAGE_STANDARD = "gnu++0x";
				CLANG_CXX_LIBRARY = "libc++";
				CLANG_ENABLE_MODULES = YES;
				CLANG_ENABLE_OBJC_ARC = YES;
				CLANG_WARN_BOOL_CONVERSION = YES;
				CLANG_WARN_CONSTANT_CONVERSION = YES;
				CLANG_WARN_DIRECT_OBJC_ISA_USAGE = YES_ERROR;
				CLANG_WARN_EMPTY_BODY = YES;
				CLANG_WARN_ENUM_CONVERSION = YES;
				CLANG_WARN_INT_CONVERSION = YES;
				CLANG_WARN_OBJC_ROOT_CLASS = YES_ERROR;
				CLANG_WARN_UNREACHABLE_CODE = YES;
				CLANG_WARN__DUPLICATE_METHOD_MATCH = YES;
				"CODE_SIGN_IDENTITY[sdk=iphoneos*]" = "iPhone Developer";
				COPY_PHASE_STRIP = NO;
				DEBUG_INFORMATION_FORMAT = dwarf;
				ENABLE_STRICT_OBJC_MSGSEND = YES;
				ENABLE_TESTABILITY = YES;
				GCC_C_LANGUAGE_STANDARD = gnu99;
				GCC_DYNAMIC_NO_PIC = NO;
				GCC_NO_COMMON_BLOCKS = YES;
				GCC_OPTIMIZATION_LEVEL = 0;
				GCC_PREPROCESSOR_DEFINITIONS = (
					"DEBUG=1",
					"$(inherited)",
				);
				GCC_WARN_64_TO_32_BIT_CONVERSION = YES;
				GCC_WARN_ABOUT_RETURN_TYPE = YES_ERROR;
				GCC_WARN_UNDECLARED_SELECTOR = YES;
				GCC_WARN_UNINITIALIZED_AUTOS = YES_AGGRESSIVE;
				GCC_WARN_UNUSED_FUNCTION = YES;
				GCC_WARN_UNUSED_VARIABLE = YES;
				IPHONEOS_DEPLOYMENT_TARGET = 9.3;
				MTL_ENABLE_DEBUG_INFO = YES;
				ONLY_ACTIVE_ARCH = YES;
				SDKROOT = iphoneos;
				TARGETED_DEVICE_FAMILY = "1,2";
			};
			name = Debug;
		};
		AB240E001D631AC400920C78 /* Release */ = {
			isa = XCBuildConfiguration;
			buildSettings = {
				ALWAYS_SEARCH_USER_PATHS = NO;
				CLANG_ANALYZER_NONNULL = YES;
				CLANG_CXX_LANGUAGE_STANDARD = "gnu++0x";
				CLANG_CXX_LIBRARY = "libc++";
				CLANG_ENABLE_MODULES = YES;
				CLANG_ENABLE_OBJC_ARC = YES;
				CLANG_WARN_BOOL_CONVERSION = YES;
				CLANG_WARN_CONSTANT_CONVERSION = YES;
				CLANG_WARN_DIRECT_OBJC_ISA_USAGE = YES_ERROR;
				CLANG_WARN_EMPTY_BODY = YES;
				CLANG_WARN_ENUM_CONVERSION = YES;
				CLANG_WARN_INT_CONVERSION = YES;
				CLANG_WARN_OBJC_ROOT_CLASS = YES_ERROR;
				CLANG_WARN_UNREACHABLE_CODE = YES;
				CLANG_WARN__DUPLICATE_METHOD_MATCH = YES;
				"CODE_SIGN_IDENTITY[sdk=iphoneos*]" = "iPhone Developer";
				COPY_PHASE_STRIP = NO;
				DEBUG_INFORMATION_FORMAT = "dwarf-with-dsym";
				ENABLE_NS_ASSERTIONS = NO;
				ENABLE_STRICT_OBJC_MSGSEND = YES;
				GCC_C_LANGUAGE_STANDARD = gnu99;
				GCC_NO_COMMON_BLOCKS = YES;
				GCC_WARN_64_TO_32_BIT_CONVERSION = YES;
				GCC_WARN_ABOUT_RETURN_TYPE = YES_ERROR;
				GCC_WARN_UNDECLARED_SELECTOR = YES;
				GCC_WARN_UNINITIALIZED_AUTOS = YES_AGGRESSIVE;
				GCC_WARN_UNUSED_FUNCTION = YES;
				GCC_WARN_UNUSED_VARIABLE = YES;
				IPHONEOS_DEPLOYMENT_TARGET = 9.3;
				MTL_ENABLE_DEBUG_INFO = NO;
				SDKROOT = iphoneos;
				TARGETED_DEVICE_FAMILY = "1,2";
				VALIDATE_PRODUCT = YES;
			};
			name = Release;
		};
		AB240E021D631AC400920C78 /* Debug */ = {
			isa = XCBuildConfiguration;
			baseConfigurationReference = 05D2A8DF71D39C90981A4003 /* Pods-HeeMoneySDKDemo.debug.xcconfig */;
			buildSettings = {
				ASSETCATALOG_COMPILER_APPICON_NAME = AppIcon;
				"CODE_SIGN_IDENTITY[sdk=iphoneos*]" = "iPhone Developer: Jingjing Min (FTMDZ4AWS7)";
				DEVELOPMENT_TEAM = ZZJDE2HTRL;
				ENABLE_BITCODE = NO;
				FRAMEWORK_SEARCH_PATHS = (
					"$(inherited)",
					"$(PROJECT_DIR)/HeeMoneySDKDemo/SDK/Channel/AliPay",
					"$(PROJECT_DIR)/HeeMoneySDKDemo/SDK/Channel/BaiDu/BDWalletSDK",
				);
				INFOPLIST_FILE = HeeMoneySDKDemo/Info.plist;
				IPHONEOS_DEPLOYMENT_TARGET = 7.0;
				LD_RUNPATH_SEARCH_PATHS = "$(inherited) @executable_path/Frameworks";
				LIBRARY_SEARCH_PATHS = (
					"$(inherited)",
					"$(PROJECT_DIR)/HeeMoneySDKDemo/SDK/Channel/AliPay",
					"$(PROJECT_DIR)/HeeMoneySDKDemo/SDK/Channel/ApplePay",
					"$(PROJECT_DIR)/HeeMoneySDKDemo/SDK/Channel/BaiDu/Dependency/ASIHttpRequest",
					"$(PROJECT_DIR)/HeeMoneySDKDemo/SDK/Channel/BaiDu/Dependency/BaiduMobStat/BaiduMobStat",
					"$(PROJECT_DIR)/HeeMoneySDKDemo/SDK/Channel/BaiDu/Dependency/BaiduMobStat",
					"$(PROJECT_DIR)/HeeMoneySDKDemo/SDK/Channel/BaiDu/Dependency/JSONKit",
					"$(PROJECT_DIR)/HeeMoneySDKDemo/SDK/Channel/BaiDu/Dependency/SDWebImage",
					"$(PROJECT_DIR)/HeeMoneySDKDemo/SDK/Channel/BaiDu",
					"$(PROJECT_DIR)/HeeMoneySDKDemo/SDK/Channel/QQPay",
					"$(PROJECT_DIR)/HeeMoneySDKDemo/SDK/Channel/UnionPay",
					"$(PROJECT_DIR)/HeeMoneySDKDemo/SDK/Channel/WXPay",
					"$(PROJECT_DIR)/HeeMoneySDKDemo/SDK/HeeMoneySDK",
				);
				OTHER_LDFLAGS = "-ObjC";
				PRODUCT_BUNDLE_IDENTIFIER = com.junnet.HeeMoneySDKDemo;
				PRODUCT_NAME = "$(TARGET_NAME)";
				PROVISIONING_PROFILE = "61ececf0-e4c7-400f-9d4a-6b4660d22d5d";
				PROVISIONING_PROFILE_SPECIFIER = "iOS Development_20160815";
			};
			name = Debug;
		};
		AB240E031D631AC400920C78 /* Release */ = {
			isa = XCBuildConfiguration;
			baseConfigurationReference = 8DAD0384AD19433CD8FA6692 /* Pods-HeeMoneySDKDemo.release.xcconfig */;
			buildSettings = {
				ASSETCATALOG_COMPILER_APPICON_NAME = AppIcon;
				CODE_SIGN_IDENTITY = "iPhone Developer: Jingjing Min (FTMDZ4AWS7)";
				DEVELOPMENT_TEAM = "";
				ENABLE_BITCODE = NO;
				FRAMEWORK_SEARCH_PATHS = (
					"$(inherited)",
					"$(PROJECT_DIR)/HeeMoneySDKDemo/SDK/Channel/AliPay",
					"$(PROJECT_DIR)/HeeMoneySDKDemo/SDK/Channel/BaiDu/BDWalletSDK",
				);
				INFOPLIST_FILE = HeeMoneySDKDemo/Info.plist;
				IPHONEOS_DEPLOYMENT_TARGET = 7.0;
				LD_RUNPATH_SEARCH_PATHS = "$(inherited) @executable_path/Frameworks";
				LIBRARY_SEARCH_PATHS = (
					"$(inherited)",
					"$(PROJECT_DIR)/HeeMoneySDKDemo/SDK/Channel/AliPay",
					"$(PROJECT_DIR)/HeeMoneySDKDemo/SDK/Channel/ApplePay",
					"$(PROJECT_DIR)/HeeMoneySDKDemo/SDK/Channel/BaiDu/Dependency/ASIHttpRequest",
					"$(PROJECT_DIR)/HeeMoneySDKDemo/SDK/Channel/BaiDu/Dependency/BaiduMobStat/BaiduMobStat",
					"$(PROJECT_DIR)/HeeMoneySDKDemo/SDK/Channel/BaiDu/Dependency/BaiduMobStat",
					"$(PROJECT_DIR)/HeeMoneySDKDemo/SDK/Channel/BaiDu/Dependency/JSONKit",
					"$(PROJECT_DIR)/HeeMoneySDKDemo/SDK/Channel/BaiDu/Dependency/SDWebImage",
					"$(PROJECT_DIR)/HeeMoneySDKDemo/SDK/Channel/BaiDu",
					"$(PROJECT_DIR)/HeeMoneySDKDemo/SDK/Channel/QQPay",
					"$(PROJECT_DIR)/HeeMoneySDKDemo/SDK/Channel/UnionPay",
					"$(PROJECT_DIR)/HeeMoneySDKDemo/SDK/Channel/WXPay",
					"$(PROJECT_DIR)/HeeMoneySDKDemo/SDK/HeeMoneySDK",
				);
				OTHER_LDFLAGS = "-ObjC";
				PRODUCT_BUNDLE_IDENTIFIER = com.junnet.HeeMoneySDKDemo;
				PRODUCT_NAME = "$(TARGET_NAME)";
				PROVISIONING_PROFILE_SPECIFIER = "iOS Development_20160815";
			};
			name = Release;
		};
		AB240E051D631AC400920C78 /* Debug */ = {
			isa = XCBuildConfiguration;
			baseConfigurationReference = 5A11333FB5E7CE4ECABAF3D4 /* Pods-HeeMoneySDKDemoTests.debug.xcconfig */;
			buildSettings = {
				BUNDLE_LOADER = "$(TEST_HOST)";
				INFOPLIST_FILE = HeeMoneySDKDemoTests/Info.plist;
				LD_RUNPATH_SEARCH_PATHS = "$(inherited) @executable_path/Frameworks @loader_path/Frameworks";
				PRODUCT_BUNDLE_IDENTIFIER = com.junnet.HeeMoneySDKDemoTests;
				PRODUCT_NAME = "$(TARGET_NAME)";
				TEST_HOST = "$(BUILT_PRODUCTS_DIR)/HeeMoneySDKDemo.app/HeeMoneySDKDemo";
			};
			name = Debug;
		};
		AB240E061D631AC400920C78 /* Release */ = {
			isa = XCBuildConfiguration;
			baseConfigurationReference = 80CFC4D3F465E37FFF2F496E /* Pods-HeeMoneySDKDemoTests.release.xcconfig */;
			buildSettings = {
				BUNDLE_LOADER = "$(TEST_HOST)";
				INFOPLIST_FILE = HeeMoneySDKDemoTests/Info.plist;
				LD_RUNPATH_SEARCH_PATHS = "$(inherited) @executable_path/Frameworks @loader_path/Frameworks";
				PRODUCT_BUNDLE_IDENTIFIER = com.junnet.HeeMoneySDKDemoTests;
				PRODUCT_NAME = "$(TARGET_NAME)";
				TEST_HOST = "$(BUILT_PRODUCTS_DIR)/HeeMoneySDKDemo.app/HeeMoneySDKDemo";
			};
			name = Release;
		};
		AB240E081D631AC400920C78 /* Debug */ = {
			isa = XCBuildConfiguration;
			baseConfigurationReference = 20FAE5A84FD09EA979F5497F /* Pods-HeeMoneySDKDemoUITests.debug.xcconfig */;
			buildSettings = {
				INFOPLIST_FILE = HeeMoneySDKDemoUITests/Info.plist;
				LD_RUNPATH_SEARCH_PATHS = "$(inherited) @executable_path/Frameworks @loader_path/Frameworks";
				PRODUCT_BUNDLE_IDENTIFIER = com.junnet.HeeMoneySDKDemoUITests;
				PRODUCT_NAME = "$(TARGET_NAME)";
				TEST_TARGET_NAME = HeeMoneySDKDemo;
			};
			name = Debug;
		};
		AB240E091D631AC400920C78 /* Release */ = {
			isa = XCBuildConfiguration;
			baseConfigurationReference = B035C067693C32BD1545127A /* Pods-HeeMoneySDKDemoUITests.release.xcconfig */;
			buildSettings = {
				INFOPLIST_FILE = HeeMoneySDKDemoUITests/Info.plist;
				LD_RUNPATH_SEARCH_PATHS = "$(inherited) @executable_path/Frameworks @loader_path/Frameworks";
				PRODUCT_BUNDLE_IDENTIFIER = com.junnet.HeeMoneySDKDemoUITests;
				PRODUCT_NAME = "$(TARGET_NAME)";
				TEST_TARGET_NAME = HeeMoneySDKDemo;
			};
			name = Release;
		};
/* End XCBuildConfiguration section */

/* Begin XCConfigurationList section */
		AB240DCF1D631AC400920C78 /* Build configuration list for PBXProject "HeeMoneySDKDemo" */ = {
			isa = XCConfigurationList;
			buildConfigurations = (
				AB240DFF1D631AC400920C78 /* Debug */,
				AB240E001D631AC400920C78 /* Release */,
			);
			defaultConfigurationIsVisible = 0;
			defaultConfigurationName = Release;
		};
		AB240E011D631AC400920C78 /* Build configuration list for PBXNativeTarget "HeeMoneySDKDemo" */ = {
			isa = XCConfigurationList;
			buildConfigurations = (
				AB240E021D631AC400920C78 /* Debug */,
				AB240E031D631AC400920C78 /* Release */,
			);
			defaultConfigurationIsVisible = 0;
			defaultConfigurationName = Release;
		};
		AB240E041D631AC400920C78 /* Build configuration list for PBXNativeTarget "HeeMoneySDKDemoTests" */ = {
			isa = XCConfigurationList;
			buildConfigurations = (
				AB240E051D631AC400920C78 /* Debug */,
				AB240E061D631AC400920C78 /* Release */,
			);
			defaultConfigurationIsVisible = 0;
			defaultConfigurationName = Release;
		};
		AB240E071D631AC400920C78 /* Build configuration list for PBXNativeTarget "HeeMoneySDKDemoUITests" */ = {
			isa = XCConfigurationList;
			buildConfigurations = (
				AB240E081D631AC400920C78 /* Debug */,
				AB240E091D631AC400920C78 /* Release */,
			);
			defaultConfigurationIsVisible = 0;
			defaultConfigurationName = Release;
		};
/* End XCConfigurationList section */
	};
	rootObject = AB240DCC1D631AC400920C78 /* Project object */;
}
